
Microsoft Visual Studio Solution File, Format Version 12.00
# Visual Studio Version 16
VisualStudioVersion = 16.0.29920.165
MinimumVisualStudioVersion = 10.0.40219.1
Project("{E24C65DC-7377-472B-9ABA-BC803B73C61A}") = "RHIMAGNESITA", "RHIMAGNESITA\", "{7BC68BBF-BA3C-4AE5-94BC-732B4DEAD6BA}"
	ProjectSection(WebsiteProperties) = preProject
		TargetFrameworkMoniker = ".NETFramework,Version%3Dv4.7.2"
		Debug.AspNetCompiler.VirtualPath = "/localhost_54775"
		Debug.AspNetCompiler.PhysicalPath = "RHIMAGNESITA\"
		Debug.AspNetCompiler.TargetPath = "PrecompiledWeb\localhost_54775\"
		Debug.AspNetCompiler.Updateable = "true"
		Debug.AspNetCompiler.ForceOverwrite = "true"
		Debug.AspNetCompiler.FixedNames = "false"
		Debug.AspNetCompiler.Debug = "True"
		Release.AspNetCompiler.VirtualPath = "/localhost_54775"
		Release.AspNetCompiler.PhysicalPath = "RHIMAGNESITA\"
		Release.AspNetCompiler.TargetPath = "PrecompiledWeb\localhost_54775\"
		Release.AspNetCompiler.Updateable = "true"
		Release.AspNetCompiler.ForceOverwrite = "true"
		Release.AspNetCompiler.FixedNames = "false"
		Release.AspNetCompiler.Debug = "False"
		VWDPort = "54775"
		SlnRelativePath = "RHIMAGNESITA\"
		DefaultWebSiteLanguage = "Visual C#"
	EndProjectSection
EndProject
Global
	GlobalSection(SolutionConfigurationPlatforms) = preSolution
		Debug|Any CPU = Debug|Any CPU
	EndGlobalSection
	GlobalSection(ProjectConfigurationPlatforms) = postSolution
		{7BC68BBF-BA3C-4AE5-94BC-732B4DEAD6BA}.Debug|Any CPU.ActiveCfg = Debug|Any CPU
		{7BC68BBF-BA3C-4AE5-94BC-732B4DEAD6BA}.Debug|Any CPU.Build.0 = Debug|Any CPU
	EndGlobalSection
	GlobalSection(SolutionProperties) = preSolution
		HideSolutionNode = FALSE
	EndGlobalSection
	GlobalSection(ExtensibilityGlobals) = postSolution
		SolutionGuid = {A1681804-3D7A-4ABB-A44F-D770D0839554}
	EndGlobalSection
EndGlobal
